// !$*UTF8*$!
{
	archiveVersion = 1;
	classes = {
	};
	objectVersion = 56;
	objects = {

/* Begin PBXBuildFile section */
		FB1650842C898FE400C18D18 /* BackgroundImageView.swift in Sources */ = {isa = PBXBuildFile; fileRef = FB1650832C898FE400C18D18 /* BackgroundImageView.swift */; };
		FB71BE5D2C88EB550026D5BC /* FizzBuzzApp.swift in Sources */ = {isa = PBXBuildFile; fileRef = FB71BE5C2C88EB550026D5BC /* FizzBuzzApp.swift */; };
		FB71BE5F2C88EB550026D5BC /* MainView.swift in Sources */ = {isa = PBXBuildFile; fileRef = FB71BE5E2C88EB550026D5BC /* MainView.swift */; };
		FB71BE612C88EB560026D5BC /* Assets.xcassets in Resources */ = {isa = PBXBuildFile; fileRef = FB71BE602C88EB560026D5BC /* Assets.xcassets */; };
		FB71BE652C88EB560026D5BC /* Preview Assets.xcassets in Resources */ = {isa = PBXBuildFile; fileRef = FB71BE642C88EB560026D5BC /* Preview Assets.xcassets */; };
		FB71BE6F2C88EB560026D5BC /* FizzBuzzTests.swift in Sources */ = {isa = PBXBuildFile; fileRef = FB71BE6E2C88EB560026D5BC /* FizzBuzzTests.swift */; };
		FB71BE792C88EB560026D5BC /* FizzBuzzUITests.swift in Sources */ = {isa = PBXBuildFile; fileRef = FB71BE782C88EB560026D5BC /* FizzBuzzUITests.swift */; };
		FB71BE7B2C88EB560026D5BC /* FizzBuzzUITestsLaunchTests.swift in Sources */ = {isa = PBXBuildFile; fileRef = FB71BE7A2C88EB560026D5BC /* FizzBuzzUITestsLaunchTests.swift */; };
		FB71BE882C88EE590026D5BC /* AboutView.swift in Sources */ = {isa = PBXBuildFile; fileRef = FB71BE872C88EE590026D5BC /* AboutView.swift */; };
		FBA2BDBA2C89B96100205D73 /* NiceTextView.swift in Sources */ = {isa = PBXBuildFile; fileRef = FBA2BDB92C89B96100205D73 /* NiceTextView.swift */; };
		FBA2BDBC2C89B9EB00205D73 /* FizzBuzzView.swift in Sources */ = {isa = PBXBuildFile; fileRef = FBA2BDBB2C89B9EB00205D73 /* FizzBuzzView.swift */; };
		FBA2BDBE2C89BBA200205D73 /* CodeCreatorView.swift in Sources */ = {isa = PBXBuildFile; fileRef = FBA2BDBD2C89BBA200205D73 /* CodeCreatorView.swift */; };
		FBA2BDC02C89BEBF00205D73 /* FizzBuzzAlgModel.swift in Sources */ = {isa = PBXBuildFile; fileRef = FBA2BDBF2C89BEBF00205D73 /* FizzBuzzAlgModel.swift */; };
		FBB39CE62C89DB1F00AE3BF5 /* FizzBuzzAlgViewModel.swift in Sources */ = {isa = PBXBuildFile; fileRef = FBB39CE52C89DB1F00AE3BF5 /* FizzBuzzAlgViewModel.swift */; };
		FBB39CE92C89DC3500AE3BF5 /* StringExtensions.swift in Sources */ = {isa = PBXBuildFile; fileRef = FBB39CE82C89DC3500AE3BF5 /* StringExtensions.swift */; };
/* End PBXBuildFile section */

/* Begin PBXContainerItemProxy section */
		FB71BE6B2C88EB560026D5BC /* PBXContainerItemProxy */ = {
			isa = PBXContainerItemProxy;
			containerPortal = FB71BE512C88EB550026D5BC /* Project object */;
			proxyType = 1;
			remoteGlobalIDString = FB71BE582C88EB550026D5BC;
			remoteInfo = FizzBuzz;
		};
		FB71BE752C88EB560026D5BC /* PBXContainerItemProxy */ = {
			isa = PBXContainerItemProxy;
			containerPortal = FB71BE512C88EB550026D5BC /* Project object */;
			proxyType = 1;
			remoteGlobalIDString = FB71BE582C88EB550026D5BC;
			remoteInfo = FizzBuzz;
		};
/* End PBXContainerItemProxy section */

/* Begin PBXFileReference section */
		FB1650832C898FE400C18D18 /* BackgroundImageView.swift */ = {isa = PBXFileReference; lastKnownFileType = sourcecode.swift; path = BackgroundImageView.swift; sourceTree = "<group>"; };
		FB71BE592C88EB550026D5BC /* FizzBuzz.app */ = {isa = PBXFileReference; explicitFileType = wrapper.application; includeInIndex = 0; path = FizzBuzz.app; sourceTree = BUILT_PRODUCTS_DIR; };
		FB71BE5C2C88EB550026D5BC /* FizzBuzzApp.swift */ = {isa = PBXFileReference; lastKnownFileType = sourcecode.swift; path = FizzBuzzApp.swift; sourceTree = "<group>"; };
		FB71BE5E2C88EB550026D5BC /* MainView.swift */ = {isa = PBXFileReference; lastKnownFileType = sourcecode.swift; path = MainView.swift; sourceTree = "<group>"; };
		FB71BE602C88EB560026D5BC /* Assets.xcassets */ = {isa = PBXFileReference; lastKnownFileType = folder.assetcatalog; path = Assets.xcassets; sourceTree = "<group>"; };
		FB71BE622C88EB560026D5BC /* FizzBuzz.entitlements */ = {isa = PBXFileReference; lastKnownFileType = text.plist.entitlements; path = FizzBuzz.entitlements; sourceTree = "<group>"; };
		FB71BE642C88EB560026D5BC /* Preview Assets.xcassets */ = {isa = PBXFileReference; lastKnownFileType = folder.assetcatalog; path = "Preview Assets.xcassets"; sourceTree = "<group>"; };
		FB71BE6A2C88EB560026D5BC /* FizzBuzzTests.xctest */ = {isa = PBXFileReference; explicitFileType = wrapper.cfbundle; includeInIndex = 0; path = FizzBuzzTests.xctest; sourceTree = BUILT_PRODUCTS_DIR; };
		FB71BE6E2C88EB560026D5BC /* FizzBuzzTests.swift */ = {isa = PBXFileReference; lastKnownFileType = sourcecode.swift; path = FizzBuzzTests.swift; sourceTree = "<group>"; };
		FB71BE742C88EB560026D5BC /* FizzBuzzUITests.xctest */ = {isa = PBXFileReference; explicitFileType = wrapper.cfbundle; includeInIndex = 0; path = FizzBuzzUITests.xctest; sourceTree = BUILT_PRODUCTS_DIR; };
		FB71BE782C88EB560026D5BC /* FizzBuzzUITests.swift */ = {isa = PBXFileReference; lastKnownFileType = sourcecode.swift; path = FizzBuzzUITests.swift; sourceTree = "<group>"; };
		FB71BE7A2C88EB560026D5BC /* FizzBuzzUITestsLaunchTests.swift */ = {isa = PBXFileReference; lastKnownFileType = sourcecode.swift; path = FizzBuzzUITestsLaunchTests.swift; sourceTree = "<group>"; };
		FB71BE872C88EE590026D5BC /* AboutView.swift */ = {isa = PBXFileReference; lastKnownFileType = sourcecode.swift; path = AboutView.swift; sourceTree = "<group>"; };
		FBA2BDB92C89B96100205D73 /* NiceTextView.swift */ = {isa = PBXFileReference; lastKnownFileType = sourcecode.swift; path = NiceTextView.swift; sourceTree = "<group>"; };
		FBA2BDBB2C89B9EB00205D73 /* FizzBuzzView.swift */ = {isa = PBXFileReference; lastKnownFileType = sourcecode.swift; path = FizzBuzzView.swift; sourceTree = "<group>"; };
		FBA2BDBD2C89BBA200205D73 /* CodeCreatorView.swift */ = {isa = PBXFileReference; lastKnownFileType = sourcecode.swift; path = CodeCreatorView.swift; sourceTree = "<group>"; };
		FBA2BDBF2C89BEBF00205D73 /* FizzBuzzAlgModel.swift */ = {isa = PBXFileReference; lastKnownFileType = sourcecode.swift; path = FizzBuzzAlgModel.swift; sourceTree = "<group>"; };
		FBB39CE52C89DB1F00AE3BF5 /* FizzBuzzAlgViewModel.swift */ = {isa = PBXFileReference; lastKnownFileType = sourcecode.swift; path = FizzBuzzAlgViewModel.swift; sourceTree = "<group>"; };
		FBB39CE82C89DC3500AE3BF5 /* StringExtensions.swift */ = {isa = PBXFileReference; lastKnownFileType = sourcecode.swift; path = StringExtensions.swift; sourceTree = "<group>"; };
/* End PBXFileReference section */

/* Begin PBXFrameworksBuildPhase section */
		FB71BE562C88EB550026D5BC /* Frameworks */ = {
			isa = PBXFrameworksBuildPhase;
			buildActionMask = 2147483647;
			files = (
			);
			runOnlyForDeploymentPostprocessing = 0;
		};
		FB71BE672C88EB560026D5BC /* Frameworks */ = {
			isa = PBXFrameworksBuildPhase;
			buildActionMask = 2147483647;
			files = (
			);
			runOnlyForDeploymentPostprocessing = 0;
		};
		FB71BE712C88EB560026D5BC /* Frameworks */ = {
			isa = PBXFrameworksBuildPhase;
			buildActionMask = 2147483647;
			files = (
			);
			runOnlyForDeploymentPostprocessing = 0;
		};
/* End PBXFrameworksBuildPhase section */

/* Begin PBXGroup section */
		FB16507E2C898F2700C18D18 /* view */ = {
			isa = PBXGroup;
			children = (
				FB1650822C898F7500C18D18 /* supportingView */,
				FB1650812C898F6300C18D18 /* mainView */,
			);
			path = view;
			sourceTree = "<group>";
		};
		FB16507F2C898F3500C18D18 /* viewModel */ = {
			isa = PBXGroup;
			children = (
				FBB39CE52C89DB1F00AE3BF5 /* FizzBuzzAlgViewModel.swift */,
			);
			path = viewModel;
			sourceTree = "<group>";
		};
		FB1650802C898F3B00C18D18 /* model */ = {
			isa = PBXGroup;
			children = (
				FBA2BDBF2C89BEBF00205D73 /* FizzBuzzAlgModel.swift */,
			);
			path = model;
			sourceTree = "<group>";
		};
		FB1650812C898F6300C18D18 /* mainView */ = {
			isa = PBXGroup;
			children = (
				FB71BE5E2C88EB550026D5BC /* MainView.swift */,
				FB71BE872C88EE590026D5BC /* AboutView.swift */,
				FBA2BDBB2C89B9EB00205D73 /* FizzBuzzView.swift */,
				FBA2BDBD2C89BBA200205D73 /* CodeCreatorView.swift */,
			);
			path = mainView;
			sourceTree = "<group>";
		};
		FB1650822C898F7500C18D18 /* supportingView */ = {
			isa = PBXGroup;
			children = (
				FB1650832C898FE400C18D18 /* BackgroundImageView.swift */,
				FBA2BDB92C89B96100205D73 /* NiceTextView.swift */,
			);
			path = supportingView;
			sourceTree = "<group>";
		};
		FB71BE502C88EB550026D5BC = {
			isa = PBXGroup;
			children = (
				FB71BE5B2C88EB550026D5BC /* FizzBuzz */,
				FB71BE6D2C88EB560026D5BC /* FizzBuzzTests */,
				FB71BE772C88EB560026D5BC /* FizzBuzzUITests */,
				FB71BE5A2C88EB550026D5BC /* Products */,
			);
			sourceTree = "<group>";
		};
		FB71BE5A2C88EB550026D5BC /* Products */ = {
			isa = PBXGroup;
			children = (
				FB71BE592C88EB550026D5BC /* FizzBuzz.app */,
				FB71BE6A2C88EB560026D5BC /* FizzBuzzTests.xctest */,
				FB71BE742C88EB560026D5BC /* FizzBuzzUITests.xctest */,
			);
			name = Products;
			sourceTree = "<group>";
		};
		FB71BE5B2C88EB550026D5BC /* FizzBuzz */ = {
			isa = PBXGroup;
			children = (
				FBB39CE72C89DC1700AE3BF5 /* extensions */,
				FB1650802C898F3B00C18D18 /* model */,
				FB16507F2C898F3500C18D18 /* viewModel */,
				FB16507E2C898F2700C18D18 /* view */,
				FB71BE5C2C88EB550026D5BC /* FizzBuzzApp.swift */,
				FB71BE602C88EB560026D5BC /* Assets.xcassets */,
				FB71BE622C88EB560026D5BC /* FizzBuzz.entitlements */,
				FB71BE632C88EB560026D5BC /* Preview Content */,
			);
			path = FizzBuzz;
			sourceTree = "<group>";
		};
		FB71BE632C88EB560026D5BC /* Preview Content */ = {
			isa = PBXGroup;
			children = (
				FB71BE642C88EB560026D5BC /* Preview Assets.xcassets */,
			);
			path = "Preview Content";
			sourceTree = "<group>";
		};
		FB71BE6D2C88EB560026D5BC /* FizzBuzzTests */ = {
			isa = PBXGroup;
			children = (
				FB71BE6E2C88EB560026D5BC /* FizzBuzzTests.swift */,
			);
			path = FizzBuzzTests;
			sourceTree = "<group>";
		};
		FB71BE772C88EB560026D5BC /* FizzBuzzUITests */ = {
			isa = PBXGroup;
			children = (
				FB71BE782C88EB560026D5BC /* FizzBuzzUITests.swift */,
				FB71BE7A2C88EB560026D5BC /* FizzBuzzUITestsLaunchTests.swift */,
			);
			path = FizzBuzzUITests;
			sourceTree = "<group>";
		};
		FBB39CE72C89DC1700AE3BF5 /* extensions */ = {
			isa = PBXGroup;
			children = (
				FBB39CE82C89DC3500AE3BF5 /* StringExtensions.swift */,
			);
			path = extensions;
			sourceTree = "<group>";
		};
/* End PBXGroup section */

/* Begin PBXNativeTarget section */
		FB71BE582C88EB550026D5BC /* FizzBuzz */ = {
			isa = PBXNativeTarget;
			buildConfigurationList = FB71BE7E2C88EB560026D5BC /* Build configuration list for PBXNativeTarget "FizzBuzz" */;
			buildPhases = (
				FB71BE552C88EB550026D5BC /* Sources */,
				FB71BE562C88EB550026D5BC /* Frameworks */,
				FB71BE572C88EB550026D5BC /* Resources */,
			);
			buildRules = (
			);
			dependencies = (
			);
			name = FizzBuzz;
			productName = FizzBuzz;
			productReference = FB71BE592C88EB550026D5BC /* FizzBuzz.app */;
			productType = "com.apple.product-type.application";
		};
		FB71BE692C88EB560026D5BC /* FizzBuzzTests */ = {
			isa = PBXNativeTarget;
			buildConfigurationList = FB71BE812C88EB560026D5BC /* Build configuration list for PBXNativeTarget "FizzBuzzTests" */;
			buildPhases = (
				FB71BE662C88EB560026D5BC /* Sources */,
				FB71BE672C88EB560026D5BC /* Frameworks */,
				FB71BE682C88EB560026D5BC /* Resources */,
			);
			buildRules = (
			);
			dependencies = (
				FB71BE6C2C88EB560026D5BC /* PBXTargetDependency */,
			);
			name = FizzBuzzTests;
			productName = FizzBuzzTests;
			productReference = FB71BE6A2C88EB560026D5BC /* FizzBuzzTests.xctest */;
			productType = "com.apple.product-type.bundle.unit-test";
		};
		FB71BE732C88EB560026D5BC /* FizzBuzzUITests */ = {
			isa = PBXNativeTarget;
			buildConfigurationList = FB71BE842C88EB560026D5BC /* Build configuration list for PBXNativeTarget "FizzBuzzUITests" */;
			buildPhases = (
				FB71BE702C88EB560026D5BC /* Sources */,
				FB71BE712C88EB560026D5BC /* Frameworks */,
				FB71BE722C88EB560026D5BC /* Resources */,
			);
			buildRules = (
			);
			dependencies = (
				FB71BE762C88EB560026D5BC /* PBXTargetDependency */,
			);
			name = FizzBuzzUITests;
			productName = FizzBuzzUITests;
			productReference = FB71BE742C88EB560026D5BC /* FizzBuzzUITests.xctest */;
			productType = "com.apple.product-type.bundle.ui-testing";
		};
/* End PBXNativeTarget section */

/* Begin PBXProject section */
		FB71BE512C88EB550026D5BC /* Project object */ = {
			isa = PBXProject;
			attributes = {
				BuildIndependentTargetsInParallel = 1;
				LastSwiftUpdateCheck = 1540;
				LastUpgradeCheck = 1540;
				TargetAttributes = {
					FB71BE582C88EB550026D5BC = {
						CreatedOnToolsVersion = 15.4;
					};
					FB71BE692C88EB560026D5BC = {
						CreatedOnToolsVersion = 15.4;
						TestTargetID = FB71BE582C88EB550026D5BC;
					};
					FB71BE732C88EB560026D5BC = {
						CreatedOnToolsVersion = 15.4;
						TestTargetID = FB71BE582C88EB550026D5BC;
					};
				};
			};
			buildConfigurationList = FB71BE542C88EB550026D5BC /* Build configuration list for PBXProject "FizzBuzz" */;
			compatibilityVersion = "Xcode 14.0";
			developmentRegion = en;
			hasScannedForEncodings = 0;
			knownRegions = (
				en,
				Base,
			);
			mainGroup = FB71BE502C88EB550026D5BC;
			productRefGroup = FB71BE5A2C88EB550026D5BC /* Products */;
			projectDirPath = "";
			projectRoot = "";
			targets = (
				FB71BE582C88EB550026D5BC /* FizzBuzz */,
				FB71BE692C88EB560026D5BC /* FizzBuzzTests */,
				FB71BE732C88EB560026D5BC /* FizzBuzzUITests */,
			);
		};
/* End PBXProject section */

/* Begin PBXResourcesBuildPhase section */
		FB71BE572C88EB550026D5BC /* Resources */ = {
			isa = PBXResourcesBuildPhase;
			buildActionMask = 2147483647;
			files = (
				FB71BE652C88EB560026D5BC /* Preview Assets.xcassets in Resources */,
				FB71BE612C88EB560026D5BC /* Assets.xcassets in Resources */,
			);
			runOnlyForDeploymentPostprocessing = 0;
		};
		FB71BE682C88EB560026D5BC /* Resources */ = {
			isa = PBXResourcesBuildPhase;
			buildActionMask = 2147483647;
			files = (
			);
			runOnlyForDeploymentPostprocessing = 0;
		};
		FB71BE722C88EB560026D5BC /* Resources */ = {
			isa = PBXResourcesBuildPhase;
			buildActionMask = 2147483647;
			files = (
			);
			runOnlyForDeploymentPostprocessing = 0;
		};
/* End PBXResourcesBuildPhase section */

/* Begin PBXSourcesBuildPhase section */
		FB71BE552C88EB550026D5BC /* Sources */ = {
			isa = PBXSourcesBuildPhase;
			buildActionMask = 2147483647;
			files = (
				FBA2BDBC2C89B9EB00205D73 /* FizzBuzzView.swift in Sources */,
				FB71BE5F2C88EB550026D5BC /* MainView.swift in Sources */,
				FBB39CE92C89DC3500AE3BF5 /* StringExtensions.swift in Sources */,
				FBB39CE62C89DB1F00AE3BF5 /* FizzBuzzAlgViewModel.swift in Sources */,
				FBA2BDBE2C89BBA200205D73 /* CodeCreatorView.swift in Sources */,
				FB71BE882C88EE590026D5BC /* AboutView.swift in Sources */,
				FBA2BDC02C89BEBF00205D73 /* FizzBuzzAlgModel.swift in Sources */,
				FB1650842C898FE400C18D18 /* BackgroundImageView.swift in Sources */,
				FBA2BDBA2C89B96100205D73 /* NiceTextView.swift in Sources */,
				FB71BE5D2C88EB550026D5BC /* FizzBuzzApp.swift in Sources */,
			);
			runOnlyForDeploymentPostprocessing = 0;
		};
		FB71BE662C88EB560026D5BC /* Sources */ = {
			isa = PBXSourcesBuildPhase;
			buildActionMask = 2147483647;
			files = (
				FB71BE6F2C88EB560026D5BC /* FizzBuzzTests.swift in Sources */,
			);
			runOnlyForDeploymentPostprocessing = 0;
		};
		FB71BE702C88EB560026D5BC /* Sources */ = {
			isa = PBXSourcesBuildPhase;
			buildActionMask = 2147483647;
			files = (
				FB71BE7B2C88EB560026D5BC /* FizzBuzzUITestsLaunchTests.swift in Sources */,
				FB71BE792C88EB560026D5BC /* FizzBuzzUITests.swift in Sources */,
			);
			runOnlyForDeploymentPostprocessing = 0;
		};
/* End PBXSourcesBuildPhase section */

/* Begin PBXTargetDependency section */
		FB71BE6C2C88EB560026D5BC /* PBXTargetDependency */ = {
			isa = PBXTargetDependency;
			target = FB71BE582C88EB550026D5BC /* FizzBuzz */;
			targetProxy = FB71BE6B2C88EB560026D5BC /* PBXContainerItemProxy */;
		};
		FB71BE762C88EB560026D5BC /* PBXTargetDependency */ = {
			isa = PBXTargetDependency;
			target = FB71BE582C88EB550026D5BC /* FizzBuzz */;
			targetProxy = FB71BE752C88EB560026D5BC /* PBXContainerItemProxy */;
		};
/* End PBXTargetDependency section */

/* Begin XCBuildConfiguration section */
		FB71BE7C2C88EB560026D5BC /* Debug */ = {
			isa = XCBuildConfiguration;
			buildSettings = {
				ALWAYS_SEARCH_USER_PATHS = NO;
				ASSETCATALOG_COMPILER_GENERATE_SWIFT_ASSET_SYMBOL_EXTENSIONS = YES;
				CLANG_ANALYZER_NONNULL = YES;
				CLANG_ANALYZER_NUMBER_OBJECT_CONVERSION = YES_AGGRESSIVE;
				CLANG_CXX_LANGUAGE_STANDARD = "gnu++20";
				CLANG_ENABLE_MODULES = YES;
				CLANG_ENABLE_OBJC_ARC = YES;
				CLANG_ENABLE_OBJC_WEAK = YES;
				CLANG_WARN_BLOCK_CAPTURE_AUTORELEASING = YES;
				CLANG_WARN_BOOL_CONVERSION = YES;
				CLANG_WARN_COMMA = YES;
				CLANG_WARN_CONSTANT_CONVERSION = YES;
				CLANG_WARN_DEPRECATED_OBJC_IMPLEMENTATIONS = YES;
				CLANG_WARN_DIRECT_OBJC_ISA_USAGE = YES_ERROR;
				CLANG_WARN_DOCUMENTATION_COMMENTS = YES;
				CLANG_WARN_EMPTY_BODY = YES;
				CLANG_WARN_ENUM_CONVERSION = YES;
				CLANG_WARN_INFINITE_RECURSION = YES;
				CLANG_WARN_INT_CONVERSION = YES;
				CLANG_WARN_NON_LITERAL_NULL_CONVERSION = YES;
				CLANG_WARN_OBJC_IMPLICIT_RETAIN_SELF = YES;
				CLANG_WARN_OBJC_LITERAL_CONVERSION = YES;
				CLANG_WARN_OBJC_ROOT_CLASS = YES_ERROR;
				CLANG_WARN_QUOTED_INCLUDE_IN_FRAMEWORK_HEADER = YES;
				CLANG_WARN_RANGE_LOOP_ANALYSIS = YES;
				CLANG_WARN_STRICT_PROTOTYPES = YES;
				CLANG_WARN_SUSPICIOUS_MOVE = YES;
				CLANG_WARN_UNGUARDED_AVAILABILITY = YES_AGGRESSIVE;
				CLANG_WARN_UNREACHABLE_CODE = YES;
				CLANG_WARN__DUPLICATE_METHOD_MATCH = YES;
				COPY_PHASE_STRIP = NO;
				DEBUG_INFORMATION_FORMAT = dwarf;
				ENABLE_STRICT_OBJC_MSGSEND = YES;
				ENABLE_TESTABILITY = YES;
				ENABLE_USER_SCRIPT_SANDBOXING = YES;
				GCC_C_LANGUAGE_STANDARD = gnu17;
				GCC_DYNAMIC_NO_PIC = NO;
				GCC_NO_COMMON_BLOCKS = YES;
				GCC_OPTIMIZATION_LEVEL = 0;
				GCC_PREPROCESSOR_DEFINITIONS = (
					"DEBUG=1",
					"$(inherited)",
				);
				GCC_WARN_64_TO_32_BIT_CONVERSION = YES;
				GCC_WARN_ABOUT_RETURN_TYPE = YES_ERROR;
				GCC_WARN_UNDECLARED_SELECTOR = YES;
				GCC_WARN_UNINITIALIZED_AUTOS = YES_AGGRESSIVE;
				GCC_WARN_UNUSED_FUNCTION = YES;
				GCC_WARN_UNUSED_VARIABLE = YES;
				LOCALIZATION_PREFERS_STRING_CATALOGS = YES;
				MTL_ENABLE_DEBUG_INFO = INCLUDE_SOURCE;
				MTL_FAST_MATH = YES;
				ONLY_ACTIVE_ARCH = YES;
				SWIFT_ACTIVE_COMPILATION_CONDITIONS = "DEBUG $(inherited)";
				SWIFT_OPTIMIZATION_LEVEL = "-Onone";
			};
			name = Debug;
		};
		FB71BE7D2C88EB560026D5BC /* Release */ = {
			isa = XCBuildConfiguration;
			buildSettings = {
				ALWAYS_SEARCH_USER_PATHS = NO;
				ASSETCATALOG_COMPILER_GENERATE_SWIFT_ASSET_SYMBOL_EXTENSIONS = YES;
				CLANG_ANALYZER_NONNULL = YES;
				CLANG_ANALYZER_NUMBER_OBJECT_CONVERSION = YES_AGGRESSIVE;
				CLANG_CXX_LANGUAGE_STANDARD = "gnu++20";
				CLANG_ENABLE_MODULES = YES;
				CLANG_ENABLE_OBJC_ARC = YES;
				CLANG_ENABLE_OBJC_WEAK = YES;
				CLANG_WARN_BLOCK_CAPTURE_AUTORELEASING = YES;
				CLANG_WARN_BOOL_CONVERSION = YES;
				CLANG_WARN_COMMA = YES;
				CLANG_WARN_CONSTANT_CONVERSION = YES;
				CLANG_WARN_DEPRECATED_OBJC_IMPLEMENTATIONS = YES;
				CLANG_WARN_DIRECT_OBJC_ISA_USAGE = YES_ERROR;
				CLANG_WARN_DOCUMENTATION_COMMENTS = YES;
				CLANG_WARN_EMPTY_BODY = YES;
				CLANG_WARN_ENUM_CONVERSION = YES;
				CLANG_WARN_INFINITE_RECURSION = YES;
				CLANG_WARN_INT_CONVERSION = YES;
				CLANG_WARN_NON_LITERAL_NULL_CONVERSION = YES;
				CLANG_WARN_OBJC_IMPLICIT_RETAIN_SELF = YES;
				CLANG_WARN_OBJC_LITERAL_CONVERSION = YES;
				CLANG_WARN_OBJC_ROOT_CLASS = YES_ERROR;
				CLANG_WARN_QUOTED_INCLUDE_IN_FRAMEWORK_HEADER = YES;
				CLANG_WARN_RANGE_LOOP_ANALYSIS = YES;
				CLANG_WARN_STRICT_PROTOTYPES = YES;
				CLANG_WARN_SUSPICIOUS_MOVE = YES;
				CLANG_WARN_UNGUARDED_AVAILABILITY = YES_AGGRESSIVE;
				CLANG_WARN_UNREACHABLE_CODE = YES;
				CLANG_WARN__DUPLICATE_METHOD_MATCH = YES;
				COPY_PHASE_STRIP = NO;
				DEBUG_INFORMATION_FORMAT = "dwarf-with-dsym";
				ENABLE_NS_ASSERTIONS = NO;
				ENABLE_STRICT_OBJC_MSGSEND = YES;
				ENABLE_USER_SCRIPT_SANDBOXING = YES;
				GCC_C_LANGUAGE_STANDARD = gnu17;
				GCC_NO_COMMON_BLOCKS = YES;
				GCC_WARN_64_TO_32_BIT_CONVERSION = YES;
				GCC_WARN_ABOUT_RETURN_TYPE = YES_ERROR;
				GCC_WARN_UNDECLARED_SELECTOR = YES;
				GCC_WARN_UNINITIALIZED_AUTOS = YES_AGGRESSIVE;
				GCC_WARN_UNUSED_FUNCTION = YES;
				GCC_WARN_UNUSED_VARIABLE = YES;
				LOCALIZATION_PREFERS_STRING_CATALOGS = YES;
				MTL_ENABLE_DEBUG_INFO = NO;
				MTL_FAST_MATH = YES;
				SWIFT_COMPILATION_MODE = wholemodule;
			};
			name = Release;
		};
		FB71BE7F2C88EB560026D5BC /* Debug */ = {
			isa = XCBuildConfiguration;
			buildSettings = {
				ASSETCATALOG_COMPILER_APPICON_NAME = AppIcon;
				ASSETCATALOG_COMPILER_GLOBAL_ACCENT_COLOR_NAME = AccentColor;
				CODE_SIGN_ENTITLEMENTS = FizzBuzz/FizzBuzz.entitlements;
				CODE_SIGN_STYLE = Automatic;
				CURRENT_PROJECT_VERSION = 1;
				DEVELOPMENT_ASSET_PATHS = "\"FizzBuzz/Preview Content\"";
				DEVELOPMENT_TEAM = RF2V894835;
				ENABLE_HARDENED_RUNTIME = YES;
				ENABLE_PREVIEWS = YES;
				GENERATE_INFOPLIST_FILE = YES;
				"INFOPLIST_KEY_UIApplicationSceneManifest_Generation[sdk=iphoneos*]" = YES;
				"INFOPLIST_KEY_UIApplicationSceneManifest_Generation[sdk=iphonesimulator*]" = YES;
				"INFOPLIST_KEY_UIApplicationSupportsIndirectInputEvents[sdk=iphoneos*]" = YES;
				"INFOPLIST_KEY_UIApplicationSupportsIndirectInputEvents[sdk=iphonesimulator*]" = YES;
				"INFOPLIST_KEY_UILaunchScreen_Generation[sdk=iphoneos*]" = YES;
				"INFOPLIST_KEY_UILaunchScreen_Generation[sdk=iphonesimulator*]" = YES;
				"INFOPLIST_KEY_UIStatusBarStyle[sdk=iphoneos*]" = UIStatusBarStyleDefault;
				"INFOPLIST_KEY_UIStatusBarStyle[sdk=iphonesimulator*]" = UIStatusBarStyleDefault;
				INFOPLIST_KEY_UISupportedInterfaceOrientations_iPad = "UIInterfaceOrientationPortrait UIInterfaceOrientationPortraitUpsideDown UIInterfaceOrientationLandscapeLeft UIInterfaceOrientationLandscapeRight";
				INFOPLIST_KEY_UISupportedInterfaceOrientations_iPhone = "UIInterfaceOrientationPortrait UIInterfaceOrientationLandscapeLeft UIInterfaceOrientationLandscapeRight";
				IPHONEOS_DEPLOYMENT_TARGET = 17.5;
				LD_RUNPATH_SEARCH_PATHS = "@executable_path/Frameworks";
				"LD_RUNPATH_SEARCH_PATHS[sdk=macosx*]" = "@executable_path/../Frameworks";
				MACOSX_DEPLOYMENT_TARGET = 14.5;
				MARKETING_VERSION = 1.0;
				PRODUCT_BUNDLE_IDENTIFIER = com.kakapo.FizzBuzz;
				PRODUCT_NAME = "$(TARGET_NAME)";
				SDKROOT = auto;
				SUPPORTED_PLATFORMS = "iphoneos iphonesimulator macosx";
				SWIFT_EMIT_LOC_STRINGS = YES;
				SWIFT_VERSION = 5.0;
				TARGETED_DEVICE_FAMILY = "1,2";
			};
			name = Debug;
		};
		FB71BE802C88EB560026D5BC /* Release */ = {
			isa = XCBuildConfiguration;
			buildSettings = {
				ASSETCATALOG_COMPILER_APPICON_NAME = AppIcon;
				ASSETCATALOG_COMPILER_GLOBAL_ACCENT_COLOR_NAME = AccentColor;
				CODE_SIGN_ENTITLEMENTS = FizzBuzz/FizzBuzz.entitlements;
				CODE_SIGN_STYLE = Automatic;
				CURRENT_PROJECT_VERSION = 1;
				DEVELOPMENT_ASSET_PATHS = "\"FizzBuzz/Preview Content\"";
				DEVELOPMENT_TEAM = RF2V894835;
				ENABLE_HARDENED_RUNTIME = YES;
				ENABLE_PREVIEWS = YES;
				GENERATE_INFOPLIST_FILE = YES;
				"INFOPLIST_KEY_UIApplicationSceneManifest_Generation[sdk=iphoneos*]" = YES;
				"INFOPLIST_KEY_UIApplicationSceneManifest_Generation[sdk=iphonesimulator*]" = YES;
				"INFOPLIST_KEY_UIApplicationSupportsIndirectInputEvents[sdk=iphoneos*]" = YES;
				"INFOPLIST_KEY_UIApplicationSupportsIndirectInputEvents[sdk=iphonesimulator*]" = YES;
				"INFOPLIST_KEY_UILaunchScreen_Generation[sdk=iphoneos*]" = YES;
				"INFOPLIST_KEY_UILaunchScreen_Generation[sdk=iphonesimulator*]" = YES;
				"INFOPLIST_KEY_UIStatusBarStyle[sdk=iphoneos*]" = UIStatusBarStyleDefault;
				"INFOPLIST_KEY_UIStatusBarStyle[sdk=iphonesimulator*]" = UIStatusBarStyleDefault;
				INFOPLIST_KEY_UISupportedInterfaceOrientations_iPad = "UIInterfaceOrientationPortrait UIInterfaceOrientationPortraitUpsideDown UIInterfaceOrientationLandscapeLeft UIInterfaceOrientationLandscapeRight";
				INFOPLIST_KEY_UISupportedInterfaceOrientations_iPhone = "UIInterfaceOrientationPortrait UIInterfaceOrientationLandscapeLeft UIInterfaceOrientationLandscapeRight";
				IPHONEOS_DEPLOYMENT_TARGET = 17.5;
				LD_RUNPATH_SEARCH_PATHS = "@executable_path/Frameworks";
				"LD_RUNPATH_SEARCH_PATHS[sdk=macosx*]" = "@executable_path/../Frameworks";
				MACOSX_DEPLOYMENT_TARGET = 14.5;
				MARKETING_VERSION = 1.0;
				PRODUCT_BUNDLE_IDENTIFIER = com.kakapo.FizzBuzz;
				PRODUCT_NAME = "$(TARGET_NAME)";
				SDKROOT = auto;
				SUPPORTED_PLATFORMS = "iphoneos iphonesimulator macosx";
				SWIFT_EMIT_LOC_STRINGS = YES;
				SWIFT_VERSION = 5.0;
				TARGETED_DEVICE_FAMILY = "1,2";
			};
			name = Release;
		};
		FB71BE822C88EB560026D5BC /* Debug */ = {
			isa = XCBuildConfiguration;
			buildSettings = {
				ALWAYS_EMBED_SWIFT_STANDARD_LIBRARIES = YES;
				BUNDLE_LOADER = "$(TEST_HOST)";
				CODE_SIGN_STYLE = Automatic;
				CURRENT_PROJECT_VERSION = 1;
				DEVELOPMENT_TEAM = RF2V894835;
				GENERATE_INFOPLIST_FILE = YES;
				IPHONEOS_DEPLOYMENT_TARGET = 17.5;
				MACOSX_DEPLOYMENT_TARGET = 14.5;
				MARKETING_VERSION = 1.0;
				PRODUCT_BUNDLE_IDENTIFIER = com.kakapo.FizzBuzzTests;
				PRODUCT_NAME = "$(TARGET_NAME)";
				SDKROOT = auto;
				SUPPORTED_PLATFORMS = "iphoneos iphonesimulator macosx";
				SWIFT_EMIT_LOC_STRINGS = NO;
				SWIFT_VERSION = 5.0;
				TARGETED_DEVICE_FAMILY = "1,2";
				TEST_HOST = "$(BUILT_PRODUCTS_DIR)/FizzBuzz.app/$(BUNDLE_EXECUTABLE_FOLDER_PATH)/FizzBuzz";
			};
			name = Debug;
		};
		FB71BE832C88EB560026D5BC /* Release */ = {
			isa = XCBuildConfiguration;
			buildSettings = {
				ALWAYS_EMBED_SWIFT_STANDARD_LIBRARIES = YES;
				BUNDLE_LOADER = "$(TEST_HOST)";
				CODE_SIGN_STYLE = Automatic;
				CURRENT_PROJECT_VERSION = 1;
				DEVELOPMENT_TEAM = RF2V894835;
				GENERATE_INFOPLIST_FILE = YES;
				IPHONEOS_DEPLOYMENT_TARGET = 17.5;
				MACOSX_DEPLOYMENT_TARGET = 14.5;
				MARKETING_VERSION = 1.0;
				PRODUCT_BUNDLE_IDENTIFIER = com.kakapo.FizzBuzzTests;
				PRODUCT_NAME = "$(TARGET_NAME)";
				SDKROOT = auto;
				SUPPORTED_PLATFORMS = "iphoneos iphonesimulator macosx";
				SWIFT_EMIT_LOC_STRINGS = NO;
				SWIFT_VERSION = 5.0;
				TARGETED_DEVICE_FAMILY = "1,2";
				TEST_HOST = "$(BUILT_PRODUCTS_DIR)/FizzBuzz.app/$(BUNDLE_EXECUTABLE_FOLDER_PATH)/FizzBuzz";
			};
			name = Release;
		};
		FB71BE852C88EB560026D5BC /* Debug */ = {
			isa = XCBuildConfiguration;
			buildSettings = {
				ALWAYS_EMBED_SWIFT_STANDARD_LIBRARIES = YES;
				CODE_SIGN_STYLE = Automatic;
				CURRENT_PROJECT_VERSION = 1;
				DEVELOPMENT_TEAM = RF2V894835;
				GENERATE_INFOPLIST_FILE = YES;
				IPHONEOS_DEPLOYMENT_TARGET = 17.5;
				MACOSX_DEPLOYMENT_TARGET = 14.5;
				MARKETING_VERSION = 1.0;
				PRODUCT_BUNDLE_IDENTIFIER = com.kakapo.FizzBuzzUITests;
				PRODUCT_NAME = "$(TARGET_NAME)";
				SDKROOT = auto;
				SUPPORTED_PLATFORMS = "iphoneos iphonesimulator macosx";
				SWIFT_EMIT_LOC_STRINGS = NO;
				SWIFT_VERSION = 5.0;
				TARGETED_DEVICE_FAMILY = "1,2";
				TEST_TARGET_NAME = FizzBuzz;
			};
			name = Debug;
		};
		FB71BE862C88EB560026D5BC /* Release */ = {
			isa = XCBuildConfiguration;
			buildSettings = {
				ALWAYS_EMBED_SWIFT_STANDARD_LIBRARIES = YES;
				CODE_SIGN_STYLE = Automatic;
				CURRENT_PROJECT_VERSION = 1;
				DEVELOPMENT_TEAM = RF2V894835;
				GENERATE_INFOPLIST_FILE = YES;
				IPHONEOS_DEPLOYMENT_TARGET = 17.5;
				MACOSX_DEPLOYMENT_TARGET = 14.5;
				MARKETING_VERSION = 1.0;
				PRODUCT_BUNDLE_IDENTIFIER = com.kakapo.FizzBuzzUITests;
				PRODUCT_NAME = "$(TARGET_NAME)";
				SDKROOT = auto;
				SUPPORTED_PLATFORMS = "iphoneos iphonesimulator macosx";
				SWIFT_EMIT_LOC_STRINGS = NO;
				SWIFT_VERSION = 5.0;
				TARGETED_DEVICE_FAMILY = "1,2";
				TEST_TARGET_NAME = FizzBuzz;
			};
			name = Release;
		};
/* End XCBuildConfiguration section */

/* Begin XCConfigurationList section */
		FB71BE542C88EB550026D5BC /* Build configuration list for PBXProject "FizzBuzz" */ = {
			isa = XCConfigurationList;
			buildConfigurations = (
				FB71BE7C2C88EB560026D5BC /* Debug */,
				FB71BE7D2C88EB560026D5BC /* Release */,
			);
			defaultConfigurationIsVisible = 0;
			defaultConfigurationName = Release;
		};
		FB71BE7E2C88EB560026D5BC /* Build configuration list for PBXNativeTarget "FizzBuzz" */ = {
			isa = XCConfigurationList;
			buildConfigurations = (
				FB71BE7F2C88EB560026D5BC /* Debug */,
				FB71BE802C88EB560026D5BC /* Release */,
			);
			defaultConfigurationIsVisible = 0;
			defaultConfigurationName = Release;
		};
		FB71BE812C88EB560026D5BC /* Build configuration list for PBXNativeTarget "FizzBuzzTests" */ = {
			isa = XCConfigurationList;
			buildConfigurations = (
				FB71BE822C88EB560026D5BC /* Debug */,
				FB71BE832C88EB560026D5BC /* Release */,
			);
			defaultConfigurationIsVisible = 0;
			defaultConfigurationName = Release;
		};
		FB71BE842C88EB560026D5BC /* Build configuration list for PBXNativeTarget "FizzBuzzUITests" */ = {
			isa = XCConfigurationList;
			buildConfigurations = (
				FB71BE852C88EB560026D5BC /* Debug */,
				FB71BE862C88EB560026D5BC /* Release */,
			);
			defaultConfigurationIsVisible = 0;
			defaultConfigurationName = Release;
		};
/* End XCConfigurationList section */
	};
	rootObject = FB71BE512C88EB550026D5BC /* Project object */;
}
